// !$*UTF8*$!
{
	archiveVersion = 1;
	classes = {
	};
	objectVersion = 46;
	objects = {

/* Begin PBXBuildFile section */
		4421B14D18F0083300D42F84 /* People.m in Sources */ = {isa = PBXBuildFile; fileRef = 4421B14C18F0083300D42F84 /* People.m */; };
		4421B15018F0083300D42F84 /* Images.m in Sources */ = {isa = PBXBuildFile; fileRef = 4421B14F18F0083300D42F84 /* Images.m */; };
		44299F8718DDC6EE0054A0E0 /* editPersonViewController.mm in Sources */ = {isa = PBXBuildFile; fileRef = 44299F8618DDC6EE0054A0E0 /* editPersonViewController.mm */; };
		442B5EE918DC6A7C002ECFD2 /* Foundation.framework in Frameworks */ = {isa = PBXBuildFile; fileRef = 442B5EE818DC6A7C002ECFD2 /* Foundation.framework */; };
		442B5EEB18DC6A7C002ECFD2 /* CoreGraphics.framework in Frameworks */ = {isa = PBXBuildFile; fileRef = 442B5EEA18DC6A7C002ECFD2 /* CoreGraphics.framework */; };
		442B5EED18DC6A7C002ECFD2 /* UIKit.framework in Frameworks */ = {isa = PBXBuildFile; fileRef = 442B5EEC18DC6A7C002ECFD2 /* UIKit.framework */; };
		442B5EEF18DC6A7C002ECFD2 /* CoreData.framework in Frameworks */ = {isa = PBXBuildFile; fileRef = 442B5EEE18DC6A7C002ECFD2 /* CoreData.framework */; };
		442B5EF518DC6A7C002ECFD2 /* InfoPlist.strings in Resources */ = {isa = PBXBuildFile; fileRef = 442B5EF318DC6A7C002ECFD2 /* InfoPlist.strings */; };
		442B5EF718DC6A7C002ECFD2 /* main.mm in Sources */ = {isa = PBXBuildFile; fileRef = 442B5EF618DC6A7C002ECFD2 /* main.mm */; };
		442B5EFB18DC6A7C002ECFD2 /* AppDelegate.mm in Sources */ = {isa = PBXBuildFile; fileRef = 442B5EFA18DC6A7C002ECFD2 /* AppDelegate.mm */; };
		442B5EFE18DC6A7C002ECFD2 /* Main_iPhone.storyboard in Resources */ = {isa = PBXBuildFile; fileRef = 442B5EFC18DC6A7C002ECFD2 /* Main_iPhone.storyboard */; };
		442B5F0118DC6A7C002ECFD2 /* Main_iPad.storyboard in Resources */ = {isa = PBXBuildFile; fileRef = 442B5EFF18DC6A7C002ECFD2 /* Main_iPad.storyboard */; };
		442B5F0418DC6A7C002ECFD2 /* openCVFaceRecognition.xcdatamodeld in Sources */ = {isa = PBXBuildFile; fileRef = 442B5F0218DC6A7C002ECFD2 /* openCVFaceRecognition.xcdatamodeld */; };
		442B5F0C18DC6A7C002ECFD2 /* Images.xcassets in Resources */ = {isa = PBXBuildFile; fileRef = 442B5F0B18DC6A7C002ECFD2 /* Images.xcassets */; };
		442B5F1318DC6A7C002ECFD2 /* XCTest.framework in Frameworks */ = {isa = PBXBuildFile; fileRef = 442B5F1218DC6A7C002ECFD2 /* XCTest.framework */; };
		442B5F1418DC6A7C002ECFD2 /* Foundation.framework in Frameworks */ = {isa = PBXBuildFile; fileRef = 442B5EE818DC6A7C002ECFD2 /* Foundation.framework */; };
		442B5F1518DC6A7C002ECFD2 /* UIKit.framework in Frameworks */ = {isa = PBXBuildFile; fileRef = 442B5EEC18DC6A7C002ECFD2 /* UIKit.framework */; };
		442B5F1618DC6A7C002ECFD2 /* CoreData.framework in Frameworks */ = {isa = PBXBuildFile; fileRef = 442B5EEE18DC6A7C002ECFD2 /* CoreData.framework */; };
		442B5F1E18DC6A7C002ECFD2 /* InfoPlist.strings in Resources */ = {isa = PBXBuildFile; fileRef = 442B5F1C18DC6A7C002ECFD2 /* InfoPlist.strings */; };
		442B5F2018DC6A7C002ECFD2 /* openCVFaceRecognitionTests.m in Sources */ = {isa = PBXBuildFile; fileRef = 442B5F1F18DC6A7C002ECFD2 /* openCVFaceRecognitionTests.m */; };
		442B5F2A18DC842D002ECFD2 /* 112-group.png in Resources */ = {isa = PBXBuildFile; fileRef = 442B5F2918DC842D002ECFD2 /* 112-group.png */; };
		442B5F2C18DC8450002ECFD2 /* 123-id-card.png in Resources */ = {isa = PBXBuildFile; fileRef = 442B5F2B18DC8450002ECFD2 /* 123-id-card.png */; };
		442B5F2F18DC871F002ECFD2 /* peopleViewController.mm in Sources */ = {isa = PBXBuildFile; fileRef = 442B5F2E18DC871F002ECFD2 /* peopleViewController.mm */; };
		442B5F3318DC8773002ECFD2 /* newPersonViewController.mm in Sources */ = {isa = PBXBuildFile; fileRef = 442B5F3218DC8773002ECFD2 /* newPersonViewController.mm */; };
		442B5F3818DC8C11002ECFD2 /* profile-photo.jpg in Resources */ = {isa = PBXBuildFile; fileRef = 442B5F3718DC8C11002ECFD2 /* profile-photo.jpg */; };
		4463EEA718F220C500CF1430 /* 00095.png in Resources */ = {isa = PBXBuildFile; fileRef = 4463EEA618F220C500CF1430 /* 00095.png */; };
		4471C8CE18EED052008CAD18 /* recognitionViewController.mm in Sources */ = {isa = PBXBuildFile; fileRef = 4471C8CD18EED052008CAD18 /* recognitionViewController.mm */; };
		44BD497118E1CAAB00417055 /* trainPersonViewController.mm in Sources */ = {isa = PBXBuildFile; fileRef = 44BD497018E1CAAB00417055 /* trainPersonViewController.mm */; };
		44BD497318E1D19300417055 /* haarcascade_frontalface_alt2.xml in Resources */ = {isa = PBXBuildFile; fileRef = 44BD497218E1D19300417055 /* haarcascade_frontalface_alt2.xml */; };
		44ED1E8418F7794100382F8A /* Highlights-circles-background-light-background-hd-1136x640.jpg in Resources */ = {isa = PBXBuildFile; fileRef = 44ED1E8318F7794100382F8A /* Highlights-circles-background-light-background-hd-1136x640.jpg */; };
		44ED1E8618F77C0D00382F8A /* Gradient-light-dark-background-1136x640.jpg in Resources */ = {isa = PBXBuildFile; fileRef = 44ED1E8518F77C0D00382F8A /* Gradient-light-dark-background-1136x640.jpg */; };
		5315BE7E4BAE4FEE977E8786 /* libPods.a in Frameworks */ = {isa = PBXBuildFile; fileRef = F9CF66E5CD2443F083D8D637 /* libPods.a */; };
/* End PBXBuildFile section */

/* Begin PBXContainerItemProxy section */
		442B5F1718DC6A7C002ECFD2 /* PBXContainerItemProxy */ = {
			isa = PBXContainerItemProxy;
			containerPortal = 442B5EDD18DC6A7C002ECFD2 /* Project object */;
			proxyType = 1;
			remoteGlobalIDString = 442B5EE418DC6A7C002ECFD2;
			remoteInfo = openCVFaceRecognition;
		};
/* End PBXContainerItemProxy section */

/* Begin PBXFileReference section */
		4421B14B18F0083300D42F84 /* People.h */ = {isa = PBXFileReference; fileEncoding = 4; lastKnownFileType = sourcecode.c.h; path = People.h; sourceTree = "<group>"; };
		4421B14C18F0083300D42F84 /* People.m */ = {isa = PBXFileReference; fileEncoding = 4; lastKnownFileType = sourcecode.c.objc; path = People.m; sourceTree = "<group>"; };
		4421B14E18F0083300D42F84 /* Images.h */ = {isa = PBXFileReference; fileEncoding = 4; lastKnownFileType = sourcecode.c.h; path = Images.h; sourceTree = "<group>"; };
		4421B14F18F0083300D42F84 /* Images.m */ = {isa = PBXFileReference; fileEncoding = 4; lastKnownFileType = sourcecode.c.objc; path = Images.m; sourceTree = "<group>"; };
		44299F8518DDC6EE0054A0E0 /* editPersonViewController.h */ = {isa = PBXFileReference; fileEncoding = 4; lastKnownFileType = sourcecode.c.h; path = editPersonViewController.h; sourceTree = "<group>"; };
		44299F8618DDC6EE0054A0E0 /* editPersonViewController.mm */ = {isa = PBXFileReference; fileEncoding = 4; lastKnownFileType = sourcecode.cpp.objcpp; path = editPersonViewController.mm; sourceTree = "<group>"; };
		442B5EE518DC6A7C002ECFD2 /* openCVFaceRecognition.app */ = {isa = PBXFileReference; explicitFileType = wrapper.application; includeInIndex = 0; path = openCVFaceRecognition.app; sourceTree = BUILT_PRODUCTS_DIR; };
		442B5EE818DC6A7C002ECFD2 /* Foundation.framework */ = {isa = PBXFileReference; lastKnownFileType = wrapper.framework; name = Foundation.framework; path = System/Library/Frameworks/Foundation.framework; sourceTree = SDKROOT; };
		442B5EEA18DC6A7C002ECFD2 /* CoreGraphics.framework */ = {isa = PBXFileReference; lastKnownFileType = wrapper.framework; name = CoreGraphics.framework; path = System/Library/Frameworks/CoreGraphics.framework; sourceTree = SDKROOT; };
		442B5EEC18DC6A7C002ECFD2 /* UIKit.framework */ = {isa = PBXFileReference; lastKnownFileType = wrapper.framework; name = UIKit.framework; path = System/Library/Frameworks/UIKit.framework; sourceTree = SDKROOT; };
		442B5EEE18DC6A7C002ECFD2 /* CoreData.framework */ = {isa = PBXFileReference; lastKnownFileType = wrapper.framework; name = CoreData.framework; path = System/Library/Frameworks/CoreData.framework; sourceTree = SDKROOT; };
		442B5EF218DC6A7C002ECFD2 /* openCVFaceRecognition-Info.plist */ = {isa = PBXFileReference; lastKnownFileType = text.plist.xml; path = "openCVFaceRecognition-Info.plist"; sourceTree = "<group>"; };
		442B5EF418DC6A7C002ECFD2 /* en */ = {isa = PBXFileReference; lastKnownFileType = text.plist.strings; name = en; path = en.lproj/InfoPlist.strings; sourceTree = "<group>"; };
		442B5EF618DC6A7C002ECFD2 /* main.mm */ = {isa = PBXFileReference; lastKnownFileType = sourcecode.cpp.objcpp; path = main.mm; sourceTree = "<group>"; };
		442B5EF818DC6A7C002ECFD2 /* openCVFaceRecognition-Prefix.pch */ = {isa = PBXFileReference; lastKnownFileType = sourcecode.c.h; path = "openCVFaceRecognition-Prefix.pch"; sourceTree = "<group>"; };
		442B5EF918DC6A7C002ECFD2 /* AppDelegate.h */ = {isa = PBXFileReference; lastKnownFileType = sourcecode.c.h; path = AppDelegate.h; sourceTree = "<group>"; };
		442B5EFA18DC6A7C002ECFD2 /* AppDelegate.mm */ = {isa = PBXFileReference; lastKnownFileType = sourcecode.cpp.objcpp; path = AppDelegate.mm; sourceTree = "<group>"; };
		442B5EFD18DC6A7C002ECFD2 /* Base */ = {isa = PBXFileReference; lastKnownFileType = file.storyboard; name = Base; path = Base.lproj/Main_iPhone.storyboard; sourceTree = "<group>"; };
		442B5F0018DC6A7C002ECFD2 /* Base */ = {isa = PBXFileReference; lastKnownFileType = file.storyboard; name = Base; path = Base.lproj/Main_iPad.storyboard; sourceTree = "<group>"; };
		442B5F0318DC6A7C002ECFD2 /* openCVFaceRecognition.xcdatamodel */ = {isa = PBXFileReference; lastKnownFileType = wrapper.xcdatamodel; path = openCVFaceRecognition.xcdatamodel; sourceTree = "<group>"; };
		442B5F0B18DC6A7C002ECFD2 /* Images.xcassets */ = {isa = PBXFileReference; lastKnownFileType = folder.assetcatalog; path = Images.xcassets; sourceTree = "<group>"; };
		442B5F1118DC6A7C002ECFD2 /* openCVFaceRecognitionTests.xctest */ = {isa = PBXFileReference; explicitFileType = wrapper.cfbundle; includeInIndex = 0; path = openCVFaceRecognitionTests.xctest; sourceTree = BUILT_PRODUCTS_DIR; };
		442B5F1218DC6A7C002ECFD2 /* XCTest.framework */ = {isa = PBXFileReference; lastKnownFileType = wrapper.framework; name = XCTest.framework; path = Library/Frameworks/XCTest.framework; sourceTree = DEVELOPER_DIR; };
		442B5F1B18DC6A7C002ECFD2 /* openCVFaceRecognitionTests-Info.plist */ = {isa = PBXFileReference; lastKnownFileType = text.plist.xml; path = "openCVFaceRecognitionTests-Info.plist"; sourceTree = "<group>"; };
		442B5F1D18DC6A7C002ECFD2 /* en */ = {isa = PBXFileReference; lastKnownFileType = text.plist.strings; name = en; path = en.lproj/InfoPlist.strings; sourceTree = "<group>"; };
		442B5F1F18DC6A7C002ECFD2 /* openCVFaceRecognitionTests.m */ = {isa = PBXFileReference; lastKnownFileType = sourcecode.c.objc; path = openCVFaceRecognitionTests.m; sourceTree = "<group>"; };
		442B5F2918DC842D002ECFD2 /* 112-group.png */ = {isa = PBXFileReference; lastKnownFileType = image.png; path = "112-group.png"; sourceTree = "<group>"; };
		442B5F2B18DC8450002ECFD2 /* 123-id-card.png */ = {isa = PBXFileReference; lastKnownFileType = image.png; path = "123-id-card.png"; sourceTree = "<group>"; };
		442B5F2D18DC871F002ECFD2 /* peopleViewController.h */ = {isa = PBXFileReference; fileEncoding = 4; lastKnownFileType = sourcecode.c.h; path = peopleViewController.h; sourceTree = "<group>"; };
		442B5F2E18DC871F002ECFD2 /* peopleViewController.mm */ = {isa = PBXFileReference; fileEncoding = 4; lastKnownFileType = sourcecode.cpp.objcpp; path = peopleViewController.mm; sourceTree = "<group>"; };
		442B5F3118DC8773002ECFD2 /* newPersonViewController.h */ = {isa = PBXFileReference; fileEncoding = 4; lastKnownFileType = sourcecode.c.h; path = newPersonViewController.h; sourceTree = "<group>"; };
		442B5F3218DC8773002ECFD2 /* newPersonViewController.mm */ = {isa = PBXFileReference; fileEncoding = 4; lastKnownFileType = sourcecode.cpp.objcpp; path = newPersonViewController.mm; sourceTree = "<group>"; };
		442B5F3718DC8C11002ECFD2 /* profile-photo.jpg */ = {isa = PBXFileReference; lastKnownFileType = image.jpeg; path = "profile-photo.jpg"; sourceTree = "<group>"; };
		4463EEA618F220C500CF1430 /* 00095.png */ = {isa = PBXFileReference; lastKnownFileType = image.png; path = 00095.png; sourceTree = "<group>"; };
		4471C8CC18EED052008CAD18 /* recognitionViewController.h */ = {isa = PBXFileReference; fileEncoding = 4; lastKnownFileType = sourcecode.c.h; path = recognitionViewController.h; sourceTree = "<group>"; };
		4471C8CD18EED052008CAD18 /* recognitionViewController.mm */ = {isa = PBXFileReference; fileEncoding = 4; lastKnownFileType = sourcecode.cpp.objcpp; path = recognitionViewController.mm; sourceTree = "<group>"; };
		44BD496F18E1CAAB00417055 /* trainPersonViewController.h */ = {isa = PBXFileReference; fileEncoding = 4; lastKnownFileType = sourcecode.c.h; path = trainPersonViewController.h; sourceTree = "<group>"; };
		44BD497018E1CAAB00417055 /* trainPersonViewController.mm */ = {isa = PBXFileReference; fileEncoding = 4; lastKnownFileType = sourcecode.cpp.objcpp; path = trainPersonViewController.mm; sourceTree = "<group>"; };
		44BD497218E1D19300417055 /* haarcascade_frontalface_alt2.xml */ = {isa = PBXFileReference; fileEncoding = 4; lastKnownFileType = text.xml; path = haarcascade_frontalface_alt2.xml; sourceTree = "<group>"; };
		44ED1E8318F7794100382F8A /* Highlights-circles-background-light-background-hd-1136x640.jpg */ = {isa = PBXFileReference; lastKnownFileType = image.jpeg; path = "Highlights-circles-background-light-background-hd-1136x640.jpg"; sourceTree = "<group>"; };
		44ED1E8518F77C0D00382F8A /* Gradient-light-dark-background-1136x640.jpg */ = {isa = PBXFileReference; lastKnownFileType = image.jpeg; path = "Gradient-light-dark-background-1136x640.jpg"; sourceTree = "<group>"; };
		CBE41EC740A64EAA844CAECA /* Pods.xcconfig */ = {isa = PBXFileReference; includeInIndex = 1; lastKnownFileType = text.xcconfig; name = Pods.xcconfig; path = Pods/Pods.xcconfig; sourceTree = "<group>"; };
		F9CF66E5CD2443F083D8D637 /* libPods.a */ = {isa = PBXFileReference; explicitFileType = archive.ar; includeInIndex = 0; path = libPods.a; sourceTree = BUILT_PRODUCTS_DIR; };
/* End PBXFileReference section */

/* Begin PBXFrameworksBuildPhase section */
		442B5EE218DC6A7C002ECFD2 /* Frameworks */ = {
			isa = PBXFrameworksBuildPhase;
			buildActionMask = 2147483647;
			files = (
				442B5EEB18DC6A7C002ECFD2 /* CoreGraphics.framework in Frameworks */,
				442B5EEF18DC6A7C002ECFD2 /* CoreData.framework in Frameworks */,
				442B5EED18DC6A7C002ECFD2 /* UIKit.framework in Frameworks */,
				442B5EE918DC6A7C002ECFD2 /* Foundation.framework in Frameworks */,
				5315BE7E4BAE4FEE977E8786 /* libPods.a in Frameworks */,
			);
			runOnlyForDeploymentPostprocessing = 0;
		};
		442B5F0E18DC6A7C002ECFD2 /* Frameworks */ = {
			isa = PBXFrameworksBuildPhase;
			buildActionMask = 2147483647;
			files = (
				442B5F1318DC6A7C002ECFD2 /* XCTest.framework in Frameworks */,
				442B5F1618DC6A7C002ECFD2 /* CoreData.framework in Frameworks */,
				442B5F1518DC6A7C002ECFD2 /* UIKit.framework in Frameworks */,
				442B5F1418DC6A7C002ECFD2 /* Foundation.framework in Frameworks */,
			);
			runOnlyForDeploymentPostprocessing = 0;
		};
/* End PBXFrameworksBuildPhase section */

/* Begin PBXGroup section */
		442B5EDC18DC6A7C002ECFD2 = {
			isa = PBXGroup;
			children = (
				442B5EF018DC6A7C002ECFD2 /* openCVFaceRecognition */,
				442B5F1918DC6A7C002ECFD2 /* openCVFaceRecognitionTests */,
				442B5EE718DC6A7C002ECFD2 /* Frameworks */,
				442B5EE618DC6A7C002ECFD2 /* Products */,
				CBE41EC740A64EAA844CAECA /* Pods.xcconfig */,
			);
			sourceTree = "<group>";
		};
		442B5EE618DC6A7C002ECFD2 /* Products */ = {
			isa = PBXGroup;
			children = (
				442B5EE518DC6A7C002ECFD2 /* openCVFaceRecognition.app */,
				442B5F1118DC6A7C002ECFD2 /* openCVFaceRecognitionTests.xctest */,
			);
			name = Products;
			sourceTree = "<group>";
		};
		442B5EE718DC6A7C002ECFD2 /* Frameworks */ = {
			isa = PBXGroup;
			children = (
				442B5EE818DC6A7C002ECFD2 /* Foundation.framework */,
				442B5EEA18DC6A7C002ECFD2 /* CoreGraphics.framework */,
				442B5EEC18DC6A7C002ECFD2 /* UIKit.framework */,
				442B5EEE18DC6A7C002ECFD2 /* CoreData.framework */,
				442B5F1218DC6A7C002ECFD2 /* XCTest.framework */,
				F9CF66E5CD2443F083D8D637 /* libPods.a */,
			);
			name = Frameworks;
			sourceTree = "<group>";
		};
		442B5EF018DC6A7C002ECFD2 /* openCVFaceRecognition */ = {
			isa = PBXGroup;
			children = (
				442B5F3018DC872B002ECFD2 /* Images */,
				442B5EF918DC6A7C002ECFD2 /* AppDelegate.h */,
				442B5EFA18DC6A7C002ECFD2 /* AppDelegate.mm */,
				4471C8CC18EED052008CAD18 /* recognitionViewController.h */,
				4471C8CD18EED052008CAD18 /* recognitionViewController.mm */,
				442B5F2D18DC871F002ECFD2 /* peopleViewController.h */,
				442B5F2E18DC871F002ECFD2 /* peopleViewController.mm */,
				442B5F3118DC8773002ECFD2 /* newPersonViewController.h */,
				442B5F3218DC8773002ECFD2 /* newPersonViewController.mm */,
				44299F8518DDC6EE0054A0E0 /* editPersonViewController.h */,
				44299F8618DDC6EE0054A0E0 /* editPersonViewController.mm */,
				44BD496F18E1CAAB00417055 /* trainPersonViewController.h */,
				44BD497018E1CAAB00417055 /* trainPersonViewController.mm */,
				442B5EFC18DC6A7C002ECFD2 /* Main_iPhone.storyboard */,
				442B5EFF18DC6A7C002ECFD2 /* Main_iPad.storyboard */,
				442B5F0B18DC6A7C002ECFD2 /* Images.xcassets */,
				442B5F0218DC6A7C002ECFD2 /* openCVFaceRecognition.xcdatamodeld */,
				4421B14E18F0083300D42F84 /* Images.h */,
				4421B14F18F0083300D42F84 /* Images.m */,
				4421B14B18F0083300D42F84 /* People.h */,
				4421B14C18F0083300D42F84 /* People.m */,
				442B5EF118DC6A7C002ECFD2 /* Supporting Files */,
			);
			path = openCVFaceRecognition;
			sourceTree = "<group>";
		};
		442B5EF118DC6A7C002ECFD2 /* Supporting Files */ = {
			isa = PBXGroup;
			children = (
				44BD497218E1D19300417055 /* haarcascade_frontalface_alt2.xml */,
				442B5EF218DC6A7C002ECFD2 /* openCVFaceRecognition-Info.plist */,
				442B5EF318DC6A7C002ECFD2 /* InfoPlist.strings */,
				442B5EF618DC6A7C002ECFD2 /* main.mm */,
				442B5EF818DC6A7C002ECFD2 /* openCVFaceRecognition-Prefix.pch */,
			);
			name = "Supporting Files";
			sourceTree = "<group>";
		};
		442B5F1918DC6A7C002ECFD2 /* openCVFaceRecognitionTests */ = {
			isa = PBXGroup;
			children = (
				442B5F1F18DC6A7C002ECFD2 /* openCVFaceRecognitionTests.m */,
				442B5F1A18DC6A7C002ECFD2 /* Supporting Files */,
			);
			path = openCVFaceRecognitionTests;
			sourceTree = "<group>";
		};
		442B5F1A18DC6A7C002ECFD2 /* Supporting Files */ = {
			isa = PBXGroup;
			children = (
				442B5F1B18DC6A7C002ECFD2 /* openCVFaceRecognitionTests-Info.plist */,
				442B5F1C18DC6A7C002ECFD2 /* InfoPlist.strings */,
			);
			name = "Supporting Files";
			sourceTree = "<group>";
		};
		442B5F3018DC872B002ECFD2 /* Images */ = {
			isa = PBXGroup;
			children = (
				44ED1E8518F77C0D00382F8A /* Gradient-light-dark-background-1136x640.jpg */,
				44ED1E8318F7794100382F8A /* Highlights-circles-background-light-background-hd-1136x640.jpg */,
				4463EEA618F220C500CF1430 /* 00095.png */,
				442B5F3718DC8C11002ECFD2 /* profile-photo.jpg */,
				442B5F2B18DC8450002ECFD2 /* 123-id-card.png */,
				442B5F2918DC842D002ECFD2 /* 112-group.png */,
			);
			name = Images;
			sourceTree = "<group>";
		};
/* End PBXGroup section */

/* Begin PBXNativeTarget section */
		442B5EE418DC6A7C002ECFD2 /* openCVFaceRecognition */ = {
			isa = PBXNativeTarget;
			buildConfigurationList = 442B5F2318DC6A7C002ECFD2 /* Build configuration list for PBXNativeTarget "openCVFaceRecognition" */;
			buildPhases = (
				1E234647BEDA4346924394DC /* Check Pods Manifest.lock */,
				442B5EE118DC6A7C002ECFD2 /* Sources */,
				442B5EE218DC6A7C002ECFD2 /* Frameworks */,
				442B5EE318DC6A7C002ECFD2 /* Resources */,
				1392E6A6082E40A0B6C55342 /* Copy Pods Resources */,
			);
			buildRules = (
			);
			dependencies = (
			);
			name = openCVFaceRecognition;
			productName = openCVFaceRecognition;
			productReference = 442B5EE518DC6A7C002ECFD2 /* openCVFaceRecognition.app */;
			productType = "com.apple.product-type.application";
		};
		442B5F1018DC6A7C002ECFD2 /* openCVFaceRecognitionTests */ = {
			isa = PBXNativeTarget;
			buildConfigurationList = 442B5F2618DC6A7C002ECFD2 /* Build configuration list for PBXNativeTarget "openCVFaceRecognitionTests" */;
			buildPhases = (
				442B5F0D18DC6A7C002ECFD2 /* Sources */,
				442B5F0E18DC6A7C002ECFD2 /* Frameworks */,
				442B5F0F18DC6A7C002ECFD2 /* Resources */,
			);
			buildRules = (
			);
			dependencies = (
				442B5F1818DC6A7C002ECFD2 /* PBXTargetDependency */,
			);
			name = openCVFaceRecognitionTests;
			productName = openCVFaceRecognitionTests;
			productReference = 442B5F1118DC6A7C002ECFD2 /* openCVFaceRecognitionTests.xctest */;
			productType = "com.apple.product-type.bundle.unit-test";
		};
/* End PBXNativeTarget section */

/* Begin PBXProject section */
		442B5EDD18DC6A7C002ECFD2 /* Project object */ = {
			isa = PBXProject;
			attributes = {
				LastUpgradeCheck = 0510;
				ORGANIZATIONNAME = "Evangelos Georgiou";
				TargetAttributes = {
					442B5F1018DC6A7C002ECFD2 = {
						TestTargetID = 442B5EE418DC6A7C002ECFD2;
					};
				};
			};
			buildConfigurationList = 442B5EE018DC6A7C002ECFD2 /* Build configuration list for PBXProject "openCVFaceRecognition" */;
			compatibilityVersion = "Xcode 3.2";
			developmentRegion = English;
			hasScannedForEncodings = 0;
			knownRegions = (
				en,
				Base,
			);
			mainGroup = 442B5EDC18DC6A7C002ECFD2;
			productRefGroup = 442B5EE618DC6A7C002ECFD2 /* Products */;
			projectDirPath = "";
			projectRoot = "";
			targets = (
				442B5EE418DC6A7C002ECFD2 /* openCVFaceRecognition */,
				442B5F1018DC6A7C002ECFD2 /* openCVFaceRecognitionTests */,
			);
		};
/* End PBXProject section */

/* Begin PBXResourcesBuildPhase section */
		442B5EE318DC6A7C002ECFD2 /* Resources */ = {
			isa = PBXResourcesBuildPhase;
			buildActionMask = 2147483647;
			files = (
				442B5F0118DC6A7C002ECFD2 /* Main_iPad.storyboard in Resources */,
				442B5F2C18DC8450002ECFD2 /* 123-id-card.png in Resources */,
				44BD497318E1D19300417055 /* haarcascade_frontalface_alt2.xml in Resources */,
				442B5F0C18DC6A7C002ECFD2 /* Images.xcassets in Resources */,
				44ED1E8618F77C0D00382F8A /* Gradient-light-dark-background-1136x640.jpg in Resources */,
				442B5EFE18DC6A7C002ECFD2 /* Main_iPhone.storyboard in Resources */,
				442B5F3818DC8C11002ECFD2 /* profile-photo.jpg in Resources */,
				44ED1E8418F7794100382F8A /* Highlights-circles-background-light-background-hd-1136x640.jpg in Resources */,
				4463EEA718F220C500CF1430 /* 00095.png in Resources */,
				442B5EF518DC6A7C002ECFD2 /* InfoPlist.strings in Resources */,
				442B5F2A18DC842D002ECFD2 /* 112-group.png in Resources */,
			);
			runOnlyForDeploymentPostprocessing = 0;
		};
		442B5F0F18DC6A7C002ECFD2 /* Resources */ = {
			isa = PBXResourcesBuildPhase;
			buildActionMask = 2147483647;
			files = (
				442B5F1E18DC6A7C002ECFD2 /* InfoPlist.strings in Resources */,
			);
			runOnlyForDeploymentPostprocessing = 0;
		};
/* End PBXResourcesBuildPhase section */

/* Begin PBXShellScriptBuildPhase section */
		1392E6A6082E40A0B6C55342 /* Copy Pods Resources */ = {
			isa = PBXShellScriptBuildPhase;
			buildActionMask = 2147483647;
			files = (
			);
			inputPaths = (
			);
			name = "Copy Pods Resources";
			outputPaths = (
			);
			runOnlyForDeploymentPostprocessing = 0;
			shellPath = /bin/sh;
			shellScript = "\"${SRCROOT}/Pods/Pods-resources.sh\"\n";
			showEnvVarsInLog = 0;
		};
		1E234647BEDA4346924394DC /* Check Pods Manifest.lock */ = {
			isa = PBXShellScriptBuildPhase;
			buildActionMask = 2147483647;
			files = (
			);
			inputPaths = (
			);
			name = "Check Pods Manifest.lock";
			outputPaths = (
			);
			runOnlyForDeploymentPostprocessing = 0;
			shellPath = /bin/sh;
			shellScript = "diff \"${PODS_ROOT}/../Podfile.lock\" \"${PODS_ROOT}/Manifest.lock\" > /dev/null\nif [[ $? != 0 ]] ; then\n    cat << EOM\nerror: The sandbox is not in sync with the Podfile.lock. Run 'pod install' or update your CocoaPods installation.\nEOM\n    exit 1\nfi\n";
			showEnvVarsInLog = 0;
		};
/* End PBXShellScriptBuildPhase section */

/* Begin PBXSourcesBuildPhase section */
		442B5EE118DC6A7C002ECFD2 /* Sources */ = {
			isa = PBXSourcesBuildPhase;
			buildActionMask = 2147483647;
			files = (
				442B5EFB18DC6A7C002ECFD2 /* AppDelegate.mm in Sources */,
				44BD497118E1CAAB00417055 /* trainPersonViewController.mm in Sources */,
				4421B14D18F0083300D42F84 /* People.m in Sources */,
				442B5F3318DC8773002ECFD2 /* newPersonViewController.mm in Sources */,
				44299F8718DDC6EE0054A0E0 /* editPersonViewController.mm in Sources */,
				442B5F2F18DC871F002ECFD2 /* peopleViewController.mm in Sources */,
				4471C8CE18EED052008CAD18 /* recognitionViewController.mm in Sources */,
				4421B15018F0083300D42F84 /* Images.m in Sources */,
				442B5F0418DC6A7C002ECFD2 /* openCVFaceRecognition.xcdatamodeld in Sources */,
				442B5EF718DC6A7C002ECFD2 /* main.mm in Sources */,
			);
			runOnlyForDeploymentPostprocessing = 0;
		};
		442B5F0D18DC6A7C002ECFD2 /* Sources */ = {
			isa = PBXSourcesBuildPhase;
			buildActionMask = 2147483647;
			files = (
				442B5F2018DC6A7C002ECFD2 /* openCVFaceRecognitionTests.m in Sources */,
			);
			runOnlyForDeploymentPostprocessing = 0;
		};
/* End PBXSourcesBuildPhase section */

/* Begin PBXTargetDependency section */
		442B5F1818DC6A7C002ECFD2 /* PBXTargetDependency */ = {
			isa = PBXTargetDependency;
			target = 442B5EE418DC6A7C002ECFD2 /* openCVFaceRecognition */;
			targetProxy = 442B5F1718DC6A7C002ECFD2 /* PBXContainerItemProxy */;
		};
/* End PBXTargetDependency section */

/* Begin PBXVariantGroup section */
		442B5EF318DC6A7C002ECFD2 /* InfoPlist.strings */ = {
			isa = PBXVariantGroup;
			children = (
				442B5EF418DC6A7C002ECFD2 /* en */,
			);
			name = InfoPlist.strings;
			sourceTree = "<group>";
		};
		442B5EFC18DC6A7C002ECFD2 /* Main_iPhone.storyboard */ = {
			isa = PBXVariantGroup;
			children = (
				442B5EFD18DC6A7C002ECFD2 /* Base */,
			);
			name = Main_iPhone.storyboard;
			sourceTree = "<group>";
		};
		442B5EFF18DC6A7C002ECFD2 /* Main_iPad.storyboard */ = {
			isa = PBXVariantGroup;
			children = (
				442B5F0018DC6A7C002ECFD2 /* Base */,
			);
			name = Main_iPad.storyboard;
			sourceTree = "<group>";
		};
		442B5F1C18DC6A7C002ECFD2 /* InfoPlist.strings */ = {
			isa = PBXVariantGroup;
			children = (
				442B5F1D18DC6A7C002ECFD2 /* en */,
			);
			name = InfoPlist.strings;
			sourceTree = "<group>";
		};
/* End PBXVariantGroup section */

/* Begin XCBuildConfiguration section */
		442B5F2118DC6A7C002ECFD2 /* Debug */ = {
			isa = XCBuildConfiguration;
			buildSettings = {
				ALWAYS_SEARCH_USER_PATHS = NO;
				CLANG_CXX_LANGUAGE_STANDARD = "gnu++0x";
				CLANG_CXX_LIBRARY = "libc++";
				CLANG_ENABLE_MODULES = YES;
				CLANG_ENABLE_OBJC_ARC = YES;
				CLANG_WARN_BOOL_CONVERSION = YES;
				CLANG_WARN_CONSTANT_CONVERSION = YES;
				CLANG_WARN_DIRECT_OBJC_ISA_USAGE = YES_ERROR;
				CLANG_WARN_EMPTY_BODY = YES;
				CLANG_WARN_ENUM_CONVERSION = YES;
				CLANG_WARN_INT_CONVERSION = YES;
				CLANG_WARN_OBJC_ROOT_CLASS = YES_ERROR;
				CLANG_WARN__DUPLICATE_METHOD_MATCH = YES;
				"CODE_SIGN_IDENTITY[sdk=iphoneos*]" = "iPhone Developer";
				COPY_PHASE_STRIP = NO;
				GCC_C_LANGUAGE_STANDARD = gnu99;
				GCC_DYNAMIC_NO_PIC = NO;
				GCC_OPTIMIZATION_LEVEL = 0;
				GCC_PREPROCESSOR_DEFINITIONS = (
					"DEBUG=1",
					"$(inherited)",
				);
				GCC_SYMBOLS_PRIVATE_EXTERN = NO;
				GCC_WARN_64_TO_32_BIT_CONVERSION = YES;
				GCC_WARN_ABOUT_RETURN_TYPE = YES_ERROR;
				GCC_WARN_UNDECLARED_SELECTOR = YES;
				GCC_WARN_UNINITIALIZED_AUTOS = YES_AGGRESSIVE;
				GCC_WARN_UNUSED_FUNCTION = YES;
				GCC_WARN_UNUSED_VARIABLE = YES;
				IPHONEOS_DEPLOYMENT_TARGET = 7.1;
				ONLY_ACTIVE_ARCH = YES;
				SDKROOT = iphoneos;
				TARGETED_DEVICE_FAMILY = "1,2";
			};
			name = Debug;
		};
		442B5F2218DC6A7C002ECFD2 /* Release */ = {
			isa = XCBuildConfiguration;
			buildSettings = {
				ALWAYS_SEARCH_USER_PATHS = NO;
				CLANG_CXX_LANGUAGE_STANDARD = "gnu++0x";
				CLANG_CXX_LIBRARY = "libc++";
				CLANG_ENABLE_MODULES = YES;
				CLANG_ENABLE_OBJC_ARC = YES;
				CLANG_WARN_BOOL_CONVERSION = YES;
				CLANG_WARN_CONSTANT_CONVERSION = YES;
				CLANG_WARN_DIRECT_OBJC_ISA_USAGE = YES_ERROR;
				CLANG_WARN_EMPTY_BODY = YES;
				CLANG_WARN_ENUM_CONVERSION = YES;
				CLANG_WARN_INT_CONVERSION = YES;
				CLANG_WARN_OBJC_ROOT_CLASS = YES_ERROR;
				CLANG_WARN__DUPLICATE_METHOD_MATCH = YES;
				"CODE_SIGN_IDENTITY[sdk=iphoneos*]" = "iPhone Developer";
				COPY_PHASE_STRIP = YES;
				ENABLE_NS_ASSERTIONS = NO;
				GCC_C_LANGUAGE_STANDARD = gnu99;
				GCC_WARN_64_TO_32_BIT_CONVERSION = YES;
				GCC_WARN_ABOUT_RETURN_TYPE = YES_ERROR;
				GCC_WARN_UNDECLARED_SELECTOR = YES;
				GCC_WARN_UNINITIALIZED_AUTOS = YES_AGGRESSIVE;
				GCC_WARN_UNUSED_FUNCTION = YES;
				GCC_WARN_UNUSED_VARIABLE = YES;
				IPHONEOS_DEPLOYMENT_TARGET = 7.1;
				SDKROOT = iphoneos;
				TARGETED_DEVICE_FAMILY = "1,2";
				VALIDATE_PRODUCT = YES;
			};
			name = Release;
		};
		442B5F2418DC6A7C002ECFD2 /* Debug */ = {
			isa = XCBuildConfiguration;
			baseConfigurationReference = CBE41EC740A64EAA844CAECA /* Pods.xcconfig */;
			buildSettings = {
				ASSETCATALOG_COMPILER_APPICON_NAME = AppIcon;
				ASSETCATALOG_COMPILER_LAUNCHIMAGE_NAME = LaunchImage;
				GCC_PRECOMPILE_PREFIX_HEADER = YES;
				GCC_PREFIX_HEADER = "openCVFaceRecognition/openCVFaceRecognition-Prefix.pch";
				INFOPLIST_FILE = "openCVFaceRecognition/openCVFaceRecognition-Info.plist";
				PRODUCT_NAME = "$(TARGET_NAME)";
				TARGETED_DEVICE_FAMILY = 1;
				WRAPPER_EXTENSION = app;
			};
			name = Debug;
		};
		442B5F2518DC6A7C002ECFD2 /* Release */ = {
			isa = XCBuildConfiguration;
			baseConfigurationReference = CBE41EC740A64EAA844CAECA /* Pods.xcconfig */;
			buildSettings = {
				ASSETCATALOG_COMPILER_APPICON_NAME = AppIcon;
				ASSETCATALOG_COMPILER_LAUNCHIMAGE_NAME = LaunchImage;
				GCC_PRECOMPILE_PREFIX_HEADER = YES;
				GCC_PREFIX_HEADER = "openCVFaceRecognition/openCVFaceRecognition-Prefix.pch";
				INFOPLIST_FILE = "openCVFaceRecognition/openCVFaceRecognition-Info.plist";
				PRODUCT_NAME = "$(TARGET_NAME)";
				TARGETED_DEVICE_FAMILY = 1;
				WRAPPER_EXTENSION = app;
			};
			name = Release;
		};
		442B5F2718DC6A7C002ECFD2 /* Debug */ = {
			isa = XCBuildConfiguration;
			buildSettings = {
				BUNDLE_LOADER = "$(BUILT_PRODUCTS_DIR)/openCVFaceRecognition.app/openCVFaceRecognition";
				FRAMEWORK_SEARCH_PATHS = (
					"$(SDKROOT)/Developer/Library/Frameworks",
					"$(inherited)",
					"$(DEVELOPER_FRAMEWORKS_DIR)",
				);
				GCC_PRECOMPILE_PREFIX_HEADER = YES;
				GCC_PREFIX_HEADER = "openCVFaceRecognition/openCVFaceRecognition-Prefix.pch";
				GCC_PREPROCESSOR_DEFINITIONS = (
					"DEBUG=1",
					"$(inherited)",
				);
				INFOPLIST_FILE = "openCVFaceRecognitionTests/openCVFaceRecognitionTests-Info.plist";
				PRODUCT_NAME = "$(TARGET_NAME)";
				TEST_HOST = "$(BUNDLE_LOADER)";
				WRAPPER_EXTENSION = xctest;
			};
			name = Debug;
		};
		442B5F2818DC6A7C002ECFD2 /* Release */ = {
			isa = XCBuildConfiguration;
			buildSettings = {
				BUNDLE_LOADER = "$(BUILT_PRODUCTS_DIR)/openCVFaceRecognition.app/openCVFaceRecognition";
				FRAMEWORK_SEARCH_PATHS = (
					"$(SDKROOT)/Developer/Library/Frameworks",
					"$(inherited)",
					"$(DEVELOPER_FRAMEWORKS_DIR)",
				);
				GCC_PRECOMPILE_PREFIX_HEADER = YES;
				GCC_PREFIX_HEADER = "openCVFaceRecognition/openCVFaceRecognition-Prefix.pch";
				INFOPLIST_FILE = "openCVFaceRecognitionTests/openCVFaceRecognitionTests-Info.plist";
				PRODUCT_NAME = "$(TARGET_NAME)";
				TEST_HOST = "$(BUNDLE_LOADER)";
				WRAPPER_EXTENSION = xctest;
			};
			name = Release;
		};
/* End XCBuildConfiguration section */

/* Begin XCConfigurationList section */
		442B5EE018DC6A7C002ECFD2 /* Build configuration list for PBXProject "openCVFaceRecognition" */ = {
			isa = XCConfigurationList;
			buildConfigurations = (
				442B5F2118DC6A7C002ECFD2 /* Debug */,
				442B5F2218DC6A7C002ECFD2 /* Release */,
			);
			defaultConfigurationIsVisible = 0;
			defaultConfigurationName = Release;
		};
		442B5F2318DC6A7C002ECFD2 /* Build configuration list for PBXNativeTarget "openCVFaceRecognition" */ = {
			isa = XCConfigurationList;
			buildConfigurations = (
				442B5F2418DC6A7C002ECFD2 /* Debug */,
				442B5F2518DC6A7C002ECFD2 /* Release */,
			);
			defaultConfigurationIsVisible = 0;
			defaultConfigurationName = Release;
		};
		442B5F2618DC6A7C002ECFD2 /* Build configuration list for PBXNativeTarget "openCVFaceRecognitionTests" */ = {
			isa = XCConfigurationList;
			buildConfigurations = (
				442B5F2718DC6A7C002ECFD2 /* Debug */,
				442B5F2818DC6A7C002ECFD2 /* Release */,
			);
			defaultConfigurationIsVisible = 0;
			defaultConfigurationName = Release;
		};
/* End XCConfigurationList section */

/* Begin XCVersionGroup section */
		442B5F0218DC6A7C002ECFD2 /* openCVFaceRecognition.xcdatamodeld */ = {
			isa = XCVersionGroup;
			children = (
				442B5F0318DC6A7C002ECFD2 /* openCVFaceRecognition.xcdatamodel */,
			);
			currentVersion = 442B5F0318DC6A7C002ECFD2 /* openCVFaceRecognition.xcdatamodel */;
			path = openCVFaceRecognition.xcdatamodeld;
			sourceTree = "<group>";
			versionGroupType = wrapper.xcdatamodel;
		};
/* End XCVersionGroup section */
	};
	rootObject = 442B5EDD18DC6A7C002ECFD2 /* Project object */;
}
